
Microsoft Visual Studio Solution File, Format Version 12.00
# Visual Studio 14
VisualStudioVersion = 14.0.25420.1
MinimumVisualStudioVersion = 10.0.40219.1
Project("{8BC9CEB8-8B4A-11D0-8D11-00A0C91BC942}") = "Common", "Common\Common.vcxproj", "{1B72C39F-8FC6-410B-A3CC-7DCCED09B096}"
EndProject
Project("{2150E333-8FDC-42A3-9474-1A3956D46DE8}") = "2015", "2015", "{6D56B5DD-1FFA-4145-AE56-9A0CA34DB21E}"
EndProject
Project("{8BC9CEB8-8B4A-11D0-8D11-00A0C91BC942}") = "Day01", "2015\Day01\Day01.vcxproj", "{FFD7FD15-4281-4402-BECF-EC26664A9C27}"
EndProject
Project("{8BC9CEB8-8B4A-11D0-8D11-00A0C91BC942}") = "Day02", "2015\Day02\Day02.vcxproj", "{2317F9A9-87F7-4763-A34E-DD04F0D76A1A}"
EndProject
Project("{8BC9CEB8-8B4A-11D0-8D11-00A0C91BC942}") = "Day03", "2015\Day03\Day03.vcxproj", "{F0100407-B8D8-42E7-A3DE-94679669B6FA}"
EndProject
Project("{FAE04EC0-301F-11D3-BF4B-00C04F79EFBC}") = "Day04", "2015\Day04\Day04.csproj", "{C8562AA5-A393-49BC-BBE8-4CE8C289458F}"
EndProject
Project("{8BC9CEB8-8B4A-11D0-8D11-00A0C91BC942}") = "Day05", "2015\Day05\Day05.vcxproj", "{D7D1BA9C-73A6-4C38-A6BC-61184CDF7339}"
EndProject
Project("{8BC9CEB8-8B4A-11D0-8D11-00A0C91BC942}") = "Day06", "2015\Day06\Day06.vcxproj", "{EE9F1C13-4EE8-4A52-98EA-EDF581F1F06B}"
EndProject
Project("{8BC9CEB8-8B4A-11D0-8D11-00A0C91BC942}") = "Day07", "2015\Day07\Day07.vcxproj", "{2B1528D8-7A2E-49F5-81DF-298CC5455E2E}"
EndProject
Project("{8BC9CEB8-8B4A-11D0-8D11-00A0C91BC942}") = "Day08", "2015\Day08\Day08.vcxproj", "{08E16DFA-D7B7-494A-AE90-F6FD41FFA511}"
EndProject
Project("{8BC9CEB8-8B4A-11D0-8D11-00A0C91BC942}") = "Day09", "2015\Day09\Day09.vcxproj", "{EEC8097D-29BF-4458-991C-FEBAAC5FB03A}"
EndProject
Project("{8BC9CEB8-8B4A-11D0-8D11-00A0C91BC942}") = "Day10", "2015\Day10\Day10.vcxproj", "{AE4217FC-B4F7-4C70-B447-E4C56E08928D}"
EndProject
Project("{8BC9CEB8-8B4A-11D0-8D11-00A0C91BC942}") = "Day11", "2015\Day11\Day11.vcxproj", "{AB2204B1-5744-457A-9377-FB6664B0CA26}"
EndProject
Project("{8BC9CEB8-8B4A-11D0-8D11-00A0C91BC942}") = "Day12", "2015\Day12\Day12.vcxproj", "{FEAE2FE8-57F2-49A3-BDFE-AAE76A695823}"
EndProject
Project("{8BC9CEB8-8B4A-11D0-8D11-00A0C91BC942}") = "Day13", "2015\Day13\Day13.vcxproj", "{6AC14699-9D1E-49D5-BA14-DD9375A8CE46}"
EndProject
Project("{8BC9CEB8-8B4A-11D0-8D11-00A0C91BC942}") = "Day14", "2015\Day14\Day14.vcxproj", "{AA51EC07-92CF-4335-97D1-CF393CB00B0E}"
EndProject
Project("{8BC9CEB8-8B4A-11D0-8D11-00A0C91BC942}") = "Day15", "2015\Day15\Day15.vcxproj", "{053A4A06-CF13-4A6F-B882-E3DA627C86B9}"
EndProject
Project("{8BC9CEB8-8B4A-11D0-8D11-00A0C91BC942}") = "Day16", "2015\Day16\Day16.vcxproj", "{49450B00-6236-4714-86E2-8BED87444ED4}"
EndProject
Project("{8BC9CEB8-8B4A-11D0-8D11-00A0C91BC942}") = "Day17", "2015\Day17\Day17.vcxproj", "{DCA89020-A81F-43E9-9540-F1FC93D3E788}"
EndProject
Project("{8BC9CEB8-8B4A-11D0-8D11-00A0C91BC942}") = "Day18", "2015\Day18\Day18.vcxproj", "{2F291EEF-A410-4613-9283-1AC755E2B340}"
EndProject
Project("{8BC9CEB8-8B4A-11D0-8D11-00A0C91BC942}") = "Day19", "2015\Day19\Day19.vcxproj", "{19CD56CA-A375-4FD5-A73D-DDC4E9A013D9}"
EndProject
Project("{8BC9CEB8-8B4A-11D0-8D11-00A0C91BC942}") = "Day20", "2015\Day20\Day20.vcxproj", "{5E540C54-C86E-4C68-918B-BDD32F3BDBE2}"
EndProject
Project("{8BC9CEB8-8B4A-11D0-8D11-00A0C91BC942}") = "Day21", "2015\Day21\Day21.vcxproj", "{619176B1-CE17-47E9-B650-36F03ACAC939}"
EndProject
Project("{8BC9CEB8-8B4A-11D0-8D11-00A0C91BC942}") = "Day22", "2015\Day22\Day22.vcxproj", "{1094AC30-DE74-48E0-8AC1-BD2F7548F2CF}"
EndProject
Project("{8BC9CEB8-8B4A-11D0-8D11-00A0C91BC942}") = "Day23", "2015\Day23\Day23.vcxproj", "{EBC2DFBB-2692-4F15-BC34-874BD15B0274}"
EndProject
Project("{8BC9CEB8-8B4A-11D0-8D11-00A0C91BC942}") = "Day24", "2015\Day24\Day24.vcxproj", "{8A4AECC3-DF9C-4730-A8CA-8236DBF10DBD}"
EndProject
Project("{8BC9CEB8-8B4A-11D0-8D11-00A0C91BC942}") = "Day25", "2015\Day25\Day25.vcxproj", "{A64206EE-08CB-4605-A7DB-387207E2D7EA}"
EndProject
Project("{2150E333-8FDC-42A3-9474-1A3956D46DE8}") = "2016", "2016", "{C8DFE144-0CCE-4C1A-8BF9-9ED0ED17B1E0}"
EndProject
Project("{8BC9CEB8-8B4A-11D0-8D11-00A0C91BC942}") = "Day01", "2016\Day01\Day01.vcxproj", "{932ADC7C-A95B-471C-AD92-C144D5F1848A}"
EndProject
Project("{8BC9CEB8-8B4A-11D0-8D11-00A0C91BC942}") = "Day02", "2016\Day02\Day02.vcxproj", "{549D42F4-EC43-4618-A62A-56C63FD09C83}"
EndProject
Project("{8BC9CEB8-8B4A-11D0-8D11-00A0C91BC942}") = "Day03", "2016\Day03\Day03.vcxproj", "{4B104B4B-094C-4E6E-BC9C-17FD49B15012}"
EndProject
Project("{8BC9CEB8-8B4A-11D0-8D11-00A0C91BC942}") = "Day04", "2016\Day04\Day04.vcxproj", "{CE3FAE5D-0703-4D50-AFBD-9DA4BB0A915A}"
EndProject
Project("{FAE04EC0-301F-11D3-BF4B-00C04F79EFBC}") = "Day05", "2016\Day05\Day05.csproj", "{9B35D371-999F-42FB-99AE-CC862BBE99D3}"
EndProject
Project("{8BC9CEB8-8B4A-11D0-8D11-00A0C91BC942}") = "Day06", "2016\Day06\Day06.vcxproj", "{0B09C96C-DD57-43AA-AFE1-5E47982A7E47}"
EndProject
Project("{8BC9CEB8-8B4A-11D0-8D11-00A0C91BC942}") = "Day07", "2016\Day07\Day07.vcxproj", "{E7701415-A9D2-4516-B6FE-800898095F7A}"
EndProject
Project("{8BC9CEB8-8B4A-11D0-8D11-00A0C91BC942}") = "Day08", "2016\Day08\Day08.vcxproj", "{108BF9A0-C067-41CF-849C-882A53718574}"
EndProject
Project("{8BC9CEB8-8B4A-11D0-8D11-00A0C91BC942}") = "Day09", "2016\Day09\Day09.vcxproj", "{FADBDE53-C7C5-4F3E-9F4B-7FAA9FA8C54F}"
EndProject
Project("{8BC9CEB8-8B4A-11D0-8D11-00A0C91BC942}") = "Day10", "2016\Day10\Day10.vcxproj", "{85B0F8B1-92F9-4F87-ABBB-AFDE0A71BBE3}"
EndProject
Project("{8BC9CEB8-8B4A-11D0-8D11-00A0C91BC942}") = "Day11", "2016\Day11\Day11.vcxproj", "{EE8D11F8-C942-4C92-AE11-A29D97EDD811}"
EndProject
Project("{8BC9CEB8-8B4A-11D0-8D11-00A0C91BC942}") = "Day12", "2016\Day12\Day12.vcxproj", "{C2368269-ACAF-43A3-939C-5830D885BE92}"
EndProject
Project("{8BC9CEB8-8B4A-11D0-8D11-00A0C91BC942}") = "Day13", "2016\Day13\Day13.vcxproj", "{7D7453DF-7F06-4D87-984C-4B2D2F701A64}"
EndProject
Project("{8BC9CEB8-8B4A-11D0-8D11-00A0C91BC942}") = "Day14", "2016\Day14\Day14.vcxproj", "{452F2197-5D27-44DB-B84C-8701C3555AFC}"
EndProject
Project("{8BC9CEB8-8B4A-11D0-8D11-00A0C91BC942}") = "Day15", "2016\Day15\Day15.vcxproj", "{50D130CB-6DB8-49C1-8A75-48F08F70FF1A}"
EndProject
Project("{8BC9CEB8-8B4A-11D0-8D11-00A0C91BC942}") = "Day16", "2016\Day16\Day16.vcxproj", "{0B6B989F-C3E9-4559-A42F-EBBD9B40385A}"
EndProject
Project("{8BC9CEB8-8B4A-11D0-8D11-00A0C91BC942}") = "Day17", "2016\Day17\Day17.vcxproj", "{196F679D-146C-4A19-8BE5-6DDFB3003934}"
EndProject
Project("{8BC9CEB8-8B4A-11D0-8D11-00A0C91BC942}") = "Day18", "2016\Day18\Day18.vcxproj", "{83F3A0B7-E28F-44A2-8ECC-2FC91163DB75}"
EndProject
Project("{8BC9CEB8-8B4A-11D0-8D11-00A0C91BC942}") = "Day19", "2016\Day19\Day19.vcxproj", "{BF45A272-70CB-41E1-97CD-A9D6A24B7573}"
EndProject
Project("{8BC9CEB8-8B4A-11D0-8D11-00A0C91BC942}") = "Day20", "2016\Day20\Day20.vcxproj", "{CAC72D0C-8A22-4DF1-B117-5E282F8D4AF4}"
EndProject
Project("{8BC9CEB8-8B4A-11D0-8D11-00A0C91BC942}") = "Day21", "2016\Day21\Day21.vcxproj", "{2179D46B-2A64-4616-B9BC-A663294D886E}"
EndProject
Project("{8BC9CEB8-8B4A-11D0-8D11-00A0C91BC942}") = "Day22", "2016\Day22\Day22.vcxproj", "{D5A883CB-61A0-4014-A2F4-FC2D91A33696}"
EndProject
Project("{8BC9CEB8-8B4A-11D0-8D11-00A0C91BC942}") = "Day23", "2016\Day23\Day23.vcxproj", "{0FB75642-A88F-4074-9F2B-BEAF9206066A}"
EndProject
Project("{8BC9CEB8-8B4A-11D0-8D11-00A0C91BC942}") = "Day24", "2016\Day24\Day24.vcxproj", "{773EE5E4-6E58-4F76-A3E6-CA39B27903A4}"
EndProject
Project("{8BC9CEB8-8B4A-11D0-8D11-00A0C91BC942}") = "Day25", "2016\Day25\Day25.vcxproj", "{6FC156C6-0711-43C5-B48C-236E10AA4753}"
EndProject
Project("{8BC9CEB8-8B4A-11D0-8D11-00A0C91BC942}") = "Day01", "2017\Day01\Day01.vcxproj", "{9BE297D7-E68B-4B3C-B8FF-970C89A8E6C0}"
	ProjectSection(ProjectDependencies) = postProject
		{1B72C39F-8FC6-410B-A3CC-7DCCED09B096} = {1B72C39F-8FC6-410B-A3CC-7DCCED09B096}
	EndProjectSection
EndProject
Project("{2150E333-8FDC-42A3-9474-1A3956D46DE8}") = "2017", "2017", "{224D2A39-2D45-4DF1-9A89-B0735307273B}"
EndProject
Project("{8BC9CEB8-8B4A-11D0-8D11-00A0C91BC942}") = "Day02", "2017\Day02\Day02.vcxproj", "{AA0C100F-B86C-46C3-ABC4-673900D23AEC}"
EndProject
Project("{8BC9CEB8-8B4A-11D0-8D11-00A0C91BC942}") = "Day03", "2017\Day03\Day03.vcxproj", "{55D4E42F-F589-499D-8481-711818FA0E85}"
EndProject
Project("{8BC9CEB8-8B4A-11D0-8D11-00A0C91BC942}") = "Day04", "2017\Day04\Day04.vcxproj", "{1CE14B9A-6FCA-465B-B854-AAEDF8CFACFA}"
EndProject
Project("{8BC9CEB8-8B4A-11D0-8D11-00A0C91BC942}") = "Day05", "2017\Day05\Day05.vcxproj", "{AE68713A-64E6-4A15-99D2-CED5C3826D10}"
EndProject
Project("{8BC9CEB8-8B4A-11D0-8D11-00A0C91BC942}") = "Day06", "2017\Day06\Day06.vcxproj", "{026B3829-E4F7-410A-84D6-E4E317CED986}"
EndProject
Project("{8BC9CEB8-8B4A-11D0-8D11-00A0C91BC942}") = "Day07", "2017\Day07\Day07.vcxproj", "{769E74A4-B6F1-4121-82B4-9B0F5EA18003}"
EndProject
Project("{8BC9CEB8-8B4A-11D0-8D11-00A0C91BC942}") = "Day08", "2017\Day08\Day08.vcxproj", "{E9B67E9D-E6AE-46AC-B477-53F23F39D290}"
EndProject
Global
	GlobalSection(SolutionConfigurationPlatforms) = preSolution
		Debug|Any CPU = Debug|Any CPU
		Debug|x64 = Debug|x64
		Debug|x86 = Debug|x86
		Release|Any CPU = Release|Any CPU
		Release|x64 = Release|x64
		Release|x86 = Release|x86
	EndGlobalSection
	GlobalSection(ProjectConfigurationPlatforms) = postSolution
		{1B72C39F-8FC6-410B-A3CC-7DCCED09B096}.Debug|Any CPU.ActiveCfg = Debug|Win32
		{1B72C39F-8FC6-410B-A3CC-7DCCED09B096}.Debug|x64.ActiveCfg = Debug|x64
		{1B72C39F-8FC6-410B-A3CC-7DCCED09B096}.Debug|x64.Build.0 = Debug|x64
		{1B72C39F-8FC6-410B-A3CC-7DCCED09B096}.Debug|x86.ActiveCfg = Debug|Win32
		{1B72C39F-8FC6-410B-A3CC-7DCCED09B096}.Debug|x86.Build.0 = Debug|Win32
		{1B72C39F-8FC6-410B-A3CC-7DCCED09B096}.Release|Any CPU.ActiveCfg = Release|Win32
		{1B72C39F-8FC6-410B-A3CC-7DCCED09B096}.Release|x64.ActiveCfg = Release|x64
		{1B72C39F-8FC6-410B-A3CC-7DCCED09B096}.Release|x64.Build.0 = Release|x64
		{1B72C39F-8FC6-410B-A3CC-7DCCED09B096}.Release|x86.ActiveCfg = Release|Win32
		{1B72C39F-8FC6-410B-A3CC-7DCCED09B096}.Release|x86.Build.0 = Release|Win32
		{FFD7FD15-4281-4402-BECF-EC26664A9C27}.Debug|Any CPU.ActiveCfg = Debug|Win32
		{FFD7FD15-4281-4402-BECF-EC26664A9C27}.Debug|x64.ActiveCfg = Debug|x64
		{FFD7FD15-4281-4402-BECF-EC26664A9C27}.Debug|x64.Build.0 = Debug|x64
		{FFD7FD15-4281-4402-BECF-EC26664A9C27}.Debug|x86.ActiveCfg = Debug|Win32
		{FFD7FD15-4281-4402-BECF-EC26664A9C27}.Debug|x86.Build.0 = Debug|Win32
		{FFD7FD15-4281-4402-BECF-EC26664A9C27}.Release|Any CPU.ActiveCfg = Release|Win32
		{FFD7FD15-4281-4402-BECF-EC26664A9C27}.Release|x64.ActiveCfg = Release|x64
		{FFD7FD15-4281-4402-BECF-EC26664A9C27}.Release|x64.Build.0 = Release|x64
		{FFD7FD15-4281-4402-BECF-EC26664A9C27}.Release|x86.ActiveCfg = Release|Win32
		{FFD7FD15-4281-4402-BECF-EC26664A9C27}.Release|x86.Build.0 = Release|Win32
		{2317F9A9-87F7-4763-A34E-DD04F0D76A1A}.Debug|Any CPU.ActiveCfg = Debug|Win32
		{2317F9A9-87F7-4763-A34E-DD04F0D76A1A}.Debug|x64.ActiveCfg = Debug|x64
		{2317F9A9-87F7-4763-A34E-DD04F0D76A1A}.Debug|x64.Build.0 = Debug|x64
		{2317F9A9-87F7-4763-A34E-DD04F0D76A1A}.Debug|x86.ActiveCfg = Debug|Win32
		{2317F9A9-87F7-4763-A34E-DD04F0D76A1A}.Debug|x86.Build.0 = Debug|Win32
		{2317F9A9-87F7-4763-A34E-DD04F0D76A1A}.Release|Any CPU.ActiveCfg = Release|Win32
		{2317F9A9-87F7-4763-A34E-DD04F0D76A1A}.Release|x64.ActiveCfg = Release|x64
		{2317F9A9-87F7-4763-A34E-DD04F0D76A1A}.Release|x64.Build.0 = Release|x64
		{2317F9A9-87F7-4763-A34E-DD04F0D76A1A}.Release|x86.ActiveCfg = Release|Win32
		{2317F9A9-87F7-4763-A34E-DD04F0D76A1A}.Release|x86.Build.0 = Release|Win32
		{F0100407-B8D8-42E7-A3DE-94679669B6FA}.Debug|Any CPU.ActiveCfg = Debug|Win32
		{F0100407-B8D8-42E7-A3DE-94679669B6FA}.Debug|x64.ActiveCfg = Debug|x64
		{F0100407-B8D8-42E7-A3DE-94679669B6FA}.Debug|x64.Build.0 = Debug|x64
		{F0100407-B8D8-42E7-A3DE-94679669B6FA}.Debug|x86.ActiveCfg = Debug|Win32
		{F0100407-B8D8-42E7-A3DE-94679669B6FA}.Debug|x86.Build.0 = Debug|Win32
		{F0100407-B8D8-42E7-A3DE-94679669B6FA}.Release|Any CPU.ActiveCfg = Release|Win32
		{F0100407-B8D8-42E7-A3DE-94679669B6FA}.Release|x64.ActiveCfg = Release|x64
		{F0100407-B8D8-42E7-A3DE-94679669B6FA}.Release|x64.Build.0 = Release|x64
		{F0100407-B8D8-42E7-A3DE-94679669B6FA}.Release|x86.ActiveCfg = Release|Win32
		{F0100407-B8D8-42E7-A3DE-94679669B6FA}.Release|x86.Build.0 = Release|Win32
		{C8562AA5-A393-49BC-BBE8-4CE8C289458F}.Debug|Any CPU.ActiveCfg = Debug|Any CPU
		{C8562AA5-A393-49BC-BBE8-4CE8C289458F}.Debug|Any CPU.Build.0 = Debug|Any CPU
		{C8562AA5-A393-49BC-BBE8-4CE8C289458F}.Debug|x64.ActiveCfg = Debug|Any CPU
		{C8562AA5-A393-49BC-BBE8-4CE8C289458F}.Debug|x64.Build.0 = Debug|Any CPU
		{C8562AA5-A393-49BC-BBE8-4CE8C289458F}.Debug|x86.ActiveCfg = Debug|Any CPU
		{C8562AA5-A393-49BC-BBE8-4CE8C289458F}.Debug|x86.Build.0 = Debug|Any CPU
		{C8562AA5-A393-49BC-BBE8-4CE8C289458F}.Release|Any CPU.ActiveCfg = Release|Any CPU
		{C8562AA5-A393-49BC-BBE8-4CE8C289458F}.Release|Any CPU.Build.0 = Release|Any CPU
		{C8562AA5-A393-49BC-BBE8-4CE8C289458F}.Release|x64.ActiveCfg = Release|Any CPU
		{C8562AA5-A393-49BC-BBE8-4CE8C289458F}.Release|x64.Build.0 = Release|Any CPU
		{C8562AA5-A393-49BC-BBE8-4CE8C289458F}.Release|x86.ActiveCfg = Release|Any CPU
		{C8562AA5-A393-49BC-BBE8-4CE8C289458F}.Release|x86.Build.0 = Release|Any CPU
		{D7D1BA9C-73A6-4C38-A6BC-61184CDF7339}.Debug|Any CPU.ActiveCfg = Debug|Win32
		{D7D1BA9C-73A6-4C38-A6BC-61184CDF7339}.Debug|x64.ActiveCfg = Debug|x64
		{D7D1BA9C-73A6-4C38-A6BC-61184CDF7339}.Debug|x64.Build.0 = Debug|x64
		{D7D1BA9C-73A6-4C38-A6BC-61184CDF7339}.Debug|x86.ActiveCfg = Debug|Win32
		{D7D1BA9C-73A6-4C38-A6BC-61184CDF7339}.Debug|x86.Build.0 = Debug|Win32
		{D7D1BA9C-73A6-4C38-A6BC-61184CDF7339}.Release|Any CPU.ActiveCfg = Release|Win32
		{D7D1BA9C-73A6-4C38-A6BC-61184CDF7339}.Release|x64.ActiveCfg = Release|x64
		{D7D1BA9C-73A6-4C38-A6BC-61184CDF7339}.Release|x64.Build.0 = Release|x64
		{D7D1BA9C-73A6-4C38-A6BC-61184CDF7339}.Release|x86.ActiveCfg = Release|Win32
		{D7D1BA9C-73A6-4C38-A6BC-61184CDF7339}.Release|x86.Build.0 = Release|Win32
		{EE9F1C13-4EE8-4A52-98EA-EDF581F1F06B}.Debug|Any CPU.ActiveCfg = Debug|Win32
		{EE9F1C13-4EE8-4A52-98EA-EDF581F1F06B}.Debug|x64.ActiveCfg = Debug|x64
		{EE9F1C13-4EE8-4A52-98EA-EDF581F1F06B}.Debug|x64.Build.0 = Debug|x64
		{EE9F1C13-4EE8-4A52-98EA-EDF581F1F06B}.Debug|x86.ActiveCfg = Debug|Win32
		{EE9F1C13-4EE8-4A52-98EA-EDF581F1F06B}.Debug|x86.Build.0 = Debug|Win32
		{EE9F1C13-4EE8-4A52-98EA-EDF581F1F06B}.Release|Any CPU.ActiveCfg = Release|Win32
		{EE9F1C13-4EE8-4A52-98EA-EDF581F1F06B}.Release|x64.ActiveCfg = Release|x64
		{EE9F1C13-4EE8-4A52-98EA-EDF581F1F06B}.Release|x64.Build.0 = Release|x64
		{EE9F1C13-4EE8-4A52-98EA-EDF581F1F06B}.Release|x86.ActiveCfg = Release|Win32
		{EE9F1C13-4EE8-4A52-98EA-EDF581F1F06B}.Release|x86.Build.0 = Release|Win32
		{2B1528D8-7A2E-49F5-81DF-298CC5455E2E}.Debug|Any CPU.ActiveCfg = Debug|Win32
		{2B1528D8-7A2E-49F5-81DF-298CC5455E2E}.Debug|x64.ActiveCfg = Debug|x64
		{2B1528D8-7A2E-49F5-81DF-298CC5455E2E}.Debug|x64.Build.0 = Debug|x64
		{2B1528D8-7A2E-49F5-81DF-298CC5455E2E}.Debug|x86.ActiveCfg = Debug|Win32
		{2B1528D8-7A2E-49F5-81DF-298CC5455E2E}.Debug|x86.Build.0 = Debug|Win32
		{2B1528D8-7A2E-49F5-81DF-298CC5455E2E}.Release|Any CPU.ActiveCfg = Release|Win32
		{2B1528D8-7A2E-49F5-81DF-298CC5455E2E}.Release|x64.ActiveCfg = Release|x64
		{2B1528D8-7A2E-49F5-81DF-298CC5455E2E}.Release|x64.Build.0 = Release|x64
		{2B1528D8-7A2E-49F5-81DF-298CC5455E2E}.Release|x86.ActiveCfg = Release|Win32
		{2B1528D8-7A2E-49F5-81DF-298CC5455E2E}.Release|x86.Build.0 = Release|Win32
		{08E16DFA-D7B7-494A-AE90-F6FD41FFA511}.Debug|Any CPU.ActiveCfg = Debug|Win32
		{08E16DFA-D7B7-494A-AE90-F6FD41FFA511}.Debug|x64.ActiveCfg = Debug|x64
		{08E16DFA-D7B7-494A-AE90-F6FD41FFA511}.Debug|x64.Build.0 = Debug|x64
		{08E16DFA-D7B7-494A-AE90-F6FD41FFA511}.Debug|x86.ActiveCfg = Debug|Win32
		{08E16DFA-D7B7-494A-AE90-F6FD41FFA511}.Debug|x86.Build.0 = Debug|Win32
		{08E16DFA-D7B7-494A-AE90-F6FD41FFA511}.Release|Any CPU.ActiveCfg = Release|Win32
		{08E16DFA-D7B7-494A-AE90-F6FD41FFA511}.Release|x64.ActiveCfg = Release|x64
		{08E16DFA-D7B7-494A-AE90-F6FD41FFA511}.Release|x64.Build.0 = Release|x64
		{08E16DFA-D7B7-494A-AE90-F6FD41FFA511}.Release|x86.ActiveCfg = Release|Win32
		{08E16DFA-D7B7-494A-AE90-F6FD41FFA511}.Release|x86.Build.0 = Release|Win32
		{EEC8097D-29BF-4458-991C-FEBAAC5FB03A}.Debug|Any CPU.ActiveCfg = Debug|Win32
		{EEC8097D-29BF-4458-991C-FEBAAC5FB03A}.Debug|x64.ActiveCfg = Debug|x64
		{EEC8097D-29BF-4458-991C-FEBAAC5FB03A}.Debug|x64.Build.0 = Debug|x64
		{EEC8097D-29BF-4458-991C-FEBAAC5FB03A}.Debug|x86.ActiveCfg = Debug|Win32
		{EEC8097D-29BF-4458-991C-FEBAAC5FB03A}.Debug|x86.Build.0 = Debug|Win32
		{EEC8097D-29BF-4458-991C-FEBAAC5FB03A}.Release|Any CPU.ActiveCfg = Release|Win32
		{EEC8097D-29BF-4458-991C-FEBAAC5FB03A}.Release|x64.ActiveCfg = Release|x64
		{EEC8097D-29BF-4458-991C-FEBAAC5FB03A}.Release|x64.Build.0 = Release|x64
		{EEC8097D-29BF-4458-991C-FEBAAC5FB03A}.Release|x86.ActiveCfg = Release|Win32
		{EEC8097D-29BF-4458-991C-FEBAAC5FB03A}.Release|x86.Build.0 = Release|Win32
		{AE4217FC-B4F7-4C70-B447-E4C56E08928D}.Debug|Any CPU.ActiveCfg = Debug|Win32
		{AE4217FC-B4F7-4C70-B447-E4C56E08928D}.Debug|x64.ActiveCfg = Debug|x64
		{AE4217FC-B4F7-4C70-B447-E4C56E08928D}.Debug|x64.Build.0 = Debug|x64
		{AE4217FC-B4F7-4C70-B447-E4C56E08928D}.Debug|x86.ActiveCfg = Debug|Win32
		{AE4217FC-B4F7-4C70-B447-E4C56E08928D}.Debug|x86.Build.0 = Debug|Win32
		{AE4217FC-B4F7-4C70-B447-E4C56E08928D}.Release|Any CPU.ActiveCfg = Release|Win32
		{AE4217FC-B4F7-4C70-B447-E4C56E08928D}.Release|x64.ActiveCfg = Release|x64
		{AE4217FC-B4F7-4C70-B447-E4C56E08928D}.Release|x64.Build.0 = Release|x64
		{AE4217FC-B4F7-4C70-B447-E4C56E08928D}.Release|x86.ActiveCfg = Release|Win32
		{AE4217FC-B4F7-4C70-B447-E4C56E08928D}.Release|x86.Build.0 = Release|Win32
		{AB2204B1-5744-457A-9377-FB6664B0CA26}.Debug|Any CPU.ActiveCfg = Debug|Win32
		{AB2204B1-5744-457A-9377-FB6664B0CA26}.Debug|x64.ActiveCfg = Debug|x64
		{AB2204B1-5744-457A-9377-FB6664B0CA26}.Debug|x64.Build.0 = Debug|x64
		{AB2204B1-5744-457A-9377-FB6664B0CA26}.Debug|x86.ActiveCfg = Debug|Win32
		{AB2204B1-5744-457A-9377-FB6664B0CA26}.Debug|x86.Build.0 = Debug|Win32
		{AB2204B1-5744-457A-9377-FB6664B0CA26}.Release|Any CPU.ActiveCfg = Release|Win32
		{AB2204B1-5744-457A-9377-FB6664B0CA26}.Release|x64.ActiveCfg = Release|x64
		{AB2204B1-5744-457A-9377-FB6664B0CA26}.Release|x64.Build.0 = Release|x64
		{AB2204B1-5744-457A-9377-FB6664B0CA26}.Release|x86.ActiveCfg = Release|Win32
		{AB2204B1-5744-457A-9377-FB6664B0CA26}.Release|x86.Build.0 = Release|Win32
		{FEAE2FE8-57F2-49A3-BDFE-AAE76A695823}.Debug|Any CPU.ActiveCfg = Debug|Win32
		{FEAE2FE8-57F2-49A3-BDFE-AAE76A695823}.Debug|x64.ActiveCfg = Debug|x64
		{FEAE2FE8-57F2-49A3-BDFE-AAE76A695823}.Debug|x64.Build.0 = Debug|x64
		{FEAE2FE8-57F2-49A3-BDFE-AAE76A695823}.Debug|x86.ActiveCfg = Debug|Win32
		{FEAE2FE8-57F2-49A3-BDFE-AAE76A695823}.Debug|x86.Build.0 = Debug|Win32
		{FEAE2FE8-57F2-49A3-BDFE-AAE76A695823}.Release|Any CPU.ActiveCfg = Release|Win32
		{FEAE2FE8-57F2-49A3-BDFE-AAE76A695823}.Release|x64.ActiveCfg = Release|x64
		{FEAE2FE8-57F2-49A3-BDFE-AAE76A695823}.Release|x64.Build.0 = Release|x64
		{FEAE2FE8-57F2-49A3-BDFE-AAE76A695823}.Release|x86.ActiveCfg = Release|Win32
		{FEAE2FE8-57F2-49A3-BDFE-AAE76A695823}.Release|x86.Build.0 = Release|Win32
		{6AC14699-9D1E-49D5-BA14-DD9375A8CE46}.Debug|Any CPU.ActiveCfg = Debug|Win32
		{6AC14699-9D1E-49D5-BA14-DD9375A8CE46}.Debug|x64.ActiveCfg = Debug|x64
		{6AC14699-9D1E-49D5-BA14-DD9375A8CE46}.Debug|x64.Build.0 = Debug|x64
		{6AC14699-9D1E-49D5-BA14-DD9375A8CE46}.Debug|x86.ActiveCfg = Debug|Win32
		{6AC14699-9D1E-49D5-BA14-DD9375A8CE46}.Debug|x86.Build.0 = Debug|Win32
		{6AC14699-9D1E-49D5-BA14-DD9375A8CE46}.Release|Any CPU.ActiveCfg = Release|Win32
		{6AC14699-9D1E-49D5-BA14-DD9375A8CE46}.Release|x64.ActiveCfg = Release|x64
		{6AC14699-9D1E-49D5-BA14-DD9375A8CE46}.Release|x64.Build.0 = Release|x64
		{6AC14699-9D1E-49D5-BA14-DD9375A8CE46}.Release|x86.ActiveCfg = Release|Win32
		{6AC14699-9D1E-49D5-BA14-DD9375A8CE46}.Release|x86.Build.0 = Release|Win32
		{AA51EC07-92CF-4335-97D1-CF393CB00B0E}.Debug|Any CPU.ActiveCfg = Debug|Win32
		{AA51EC07-92CF-4335-97D1-CF393CB00B0E}.Debug|x64.ActiveCfg = Debug|x64
		{AA51EC07-92CF-4335-97D1-CF393CB00B0E}.Debug|x64.Build.0 = Debug|x64
		{AA51EC07-92CF-4335-97D1-CF393CB00B0E}.Debug|x86.ActiveCfg = Debug|Win32
		{AA51EC07-92CF-4335-97D1-CF393CB00B0E}.Debug|x86.Build.0 = Debug|Win32
		{AA51EC07-92CF-4335-97D1-CF393CB00B0E}.Release|Any CPU.ActiveCfg = Release|Win32
		{AA51EC07-92CF-4335-97D1-CF393CB00B0E}.Release|x64.ActiveCfg = Release|x64
		{AA51EC07-92CF-4335-97D1-CF393CB00B0E}.Release|x64.Build.0 = Release|x64
		{AA51EC07-92CF-4335-97D1-CF393CB00B0E}.Release|x86.ActiveCfg = Release|Win32
		{AA51EC07-92CF-4335-97D1-CF393CB00B0E}.Release|x86.Build.0 = Release|Win32
		{053A4A06-CF13-4A6F-B882-E3DA627C86B9}.Debug|Any CPU.ActiveCfg = Debug|Win32
		{053A4A06-CF13-4A6F-B882-E3DA627C86B9}.Debug|x64.ActiveCfg = Debug|x64
		{053A4A06-CF13-4A6F-B882-E3DA627C86B9}.Debug|x64.Build.0 = Debug|x64
		{053A4A06-CF13-4A6F-B882-E3DA627C86B9}.Debug|x86.ActiveCfg = Debug|Win32
		{053A4A06-CF13-4A6F-B882-E3DA627C86B9}.Debug|x86.Build.0 = Debug|Win32
		{053A4A06-CF13-4A6F-B882-E3DA627C86B9}.Release|Any CPU.ActiveCfg = Release|Win32
		{053A4A06-CF13-4A6F-B882-E3DA627C86B9}.Release|x64.ActiveCfg = Release|x64
		{053A4A06-CF13-4A6F-B882-E3DA627C86B9}.Release|x64.Build.0 = Release|x64
		{053A4A06-CF13-4A6F-B882-E3DA627C86B9}.Release|x86.ActiveCfg = Release|Win32
		{053A4A06-CF13-4A6F-B882-E3DA627C86B9}.Release|x86.Build.0 = Release|Win32
		{49450B00-6236-4714-86E2-8BED87444ED4}.Debug|Any CPU.ActiveCfg = Debug|Win32
		{49450B00-6236-4714-86E2-8BED87444ED4}.Debug|x64.ActiveCfg = Debug|x64
		{49450B00-6236-4714-86E2-8BED87444ED4}.Debug|x64.Build.0 = Debug|x64
		{49450B00-6236-4714-86E2-8BED87444ED4}.Debug|x86.ActiveCfg = Debug|Win32
		{49450B00-6236-4714-86E2-8BED87444ED4}.Debug|x86.Build.0 = Debug|Win32
		{49450B00-6236-4714-86E2-8BED87444ED4}.Release|Any CPU.ActiveCfg = Release|Win32
		{49450B00-6236-4714-86E2-8BED87444ED4}.Release|x64.ActiveCfg = Release|x64
		{49450B00-6236-4714-86E2-8BED87444ED4}.Release|x64.Build.0 = Release|x64
		{49450B00-6236-4714-86E2-8BED87444ED4}.Release|x86.ActiveCfg = Release|Win32
		{49450B00-6236-4714-86E2-8BED87444ED4}.Release|x86.Build.0 = Release|Win32
		{DCA89020-A81F-43E9-9540-F1FC93D3E788}.Debug|Any CPU.ActiveCfg = Debug|Win32
		{DCA89020-A81F-43E9-9540-F1FC93D3E788}.Debug|x64.ActiveCfg = Debug|x64
		{DCA89020-A81F-43E9-9540-F1FC93D3E788}.Debug|x64.Build.0 = Debug|x64
		{DCA89020-A81F-43E9-9540-F1FC93D3E788}.Debug|x86.ActiveCfg = Debug|Win32
		{DCA89020-A81F-43E9-9540-F1FC93D3E788}.Debug|x86.Build.0 = Debug|Win32
		{DCA89020-A81F-43E9-9540-F1FC93D3E788}.Release|Any CPU.ActiveCfg = Release|Win32
		{DCA89020-A81F-43E9-9540-F1FC93D3E788}.Release|x64.ActiveCfg = Release|x64
		{DCA89020-A81F-43E9-9540-F1FC93D3E788}.Release|x64.Build.0 = Release|x64
		{DCA89020-A81F-43E9-9540-F1FC93D3E788}.Release|x86.ActiveCfg = Release|Win32
		{DCA89020-A81F-43E9-9540-F1FC93D3E788}.Release|x86.Build.0 = Release|Win32
		{2F291EEF-A410-4613-9283-1AC755E2B340}.Debug|Any CPU.ActiveCfg = Debug|Win32
		{2F291EEF-A410-4613-9283-1AC755E2B340}.Debug|x64.ActiveCfg = Debug|x64
		{2F291EEF-A410-4613-9283-1AC755E2B340}.Debug|x64.Build.0 = Debug|x64
		{2F291EEF-A410-4613-9283-1AC755E2B340}.Debug|x86.ActiveCfg = Debug|Win32
		{2F291EEF-A410-4613-9283-1AC755E2B340}.Debug|x86.Build.0 = Debug|Win32
		{2F291EEF-A410-4613-9283-1AC755E2B340}.Release|Any CPU.ActiveCfg = Release|Win32
		{2F291EEF-A410-4613-9283-1AC755E2B340}.Release|x64.ActiveCfg = Release|x64
		{2F291EEF-A410-4613-9283-1AC755E2B340}.Release|x64.Build.0 = Release|x64
		{2F291EEF-A410-4613-9283-1AC755E2B340}.Release|x86.ActiveCfg = Release|Win32
		{2F291EEF-A410-4613-9283-1AC755E2B340}.Release|x86.Build.0 = Release|Win32
		{19CD56CA-A375-4FD5-A73D-DDC4E9A013D9}.Debug|Any CPU.ActiveCfg = Debug|Win32
		{19CD56CA-A375-4FD5-A73D-DDC4E9A013D9}.Debug|x64.ActiveCfg = Debug|x64
		{19CD56CA-A375-4FD5-A73D-DDC4E9A013D9}.Debug|x64.Build.0 = Debug|x64
		{19CD56CA-A375-4FD5-A73D-DDC4E9A013D9}.Debug|x86.ActiveCfg = Debug|Win32
		{19CD56CA-A375-4FD5-A73D-DDC4E9A013D9}.Debug|x86.Build.0 = Debug|Win32
		{19CD56CA-A375-4FD5-A73D-DDC4E9A013D9}.Release|Any CPU.ActiveCfg = Release|Win32
		{19CD56CA-A375-4FD5-A73D-DDC4E9A013D9}.Release|x64.ActiveCfg = Release|x64
		{19CD56CA-A375-4FD5-A73D-DDC4E9A013D9}.Release|x64.Build.0 = Release|x64
		{19CD56CA-A375-4FD5-A73D-DDC4E9A013D9}.Release|x86.ActiveCfg = Release|Win32
		{19CD56CA-A375-4FD5-A73D-DDC4E9A013D9}.Release|x86.Build.0 = Release|Win32
		{5E540C54-C86E-4C68-918B-BDD32F3BDBE2}.Debug|Any CPU.ActiveCfg = Debug|Win32
		{5E540C54-C86E-4C68-918B-BDD32F3BDBE2}.Debug|x64.ActiveCfg = Debug|x64
		{5E540C54-C86E-4C68-918B-BDD32F3BDBE2}.Debug|x64.Build.0 = Debug|x64
		{5E540C54-C86E-4C68-918B-BDD32F3BDBE2}.Debug|x86.ActiveCfg = Debug|Win32
		{5E540C54-C86E-4C68-918B-BDD32F3BDBE2}.Debug|x86.Build.0 = Debug|Win32
		{5E540C54-C86E-4C68-918B-BDD32F3BDBE2}.Release|Any CPU.ActiveCfg = Release|Win32
		{5E540C54-C86E-4C68-918B-BDD32F3BDBE2}.Release|x64.ActiveCfg = Release|x64
		{5E540C54-C86E-4C68-918B-BDD32F3BDBE2}.Release|x64.Build.0 = Release|x64
		{5E540C54-C86E-4C68-918B-BDD32F3BDBE2}.Release|x86.ActiveCfg = Release|Win32
		{5E540C54-C86E-4C68-918B-BDD32F3BDBE2}.Release|x86.Build.0 = Release|Win32
		{619176B1-CE17-47E9-B650-36F03ACAC939}.Debug|Any CPU.ActiveCfg = Debug|Win32
		{619176B1-CE17-47E9-B650-36F03ACAC939}.Debug|x64.ActiveCfg = Debug|x64
		{619176B1-CE17-47E9-B650-36F03ACAC939}.Debug|x64.Build.0 = Debug|x64
		{619176B1-CE17-47E9-B650-36F03ACAC939}.Debug|x86.ActiveCfg = Debug|Win32
		{619176B1-CE17-47E9-B650-36F03ACAC939}.Debug|x86.Build.0 = Debug|Win32
		{619176B1-CE17-47E9-B650-36F03ACAC939}.Release|Any CPU.ActiveCfg = Release|Win32
		{619176B1-CE17-47E9-B650-36F03ACAC939}.Release|x64.ActiveCfg = Release|x64
		{619176B1-CE17-47E9-B650-36F03ACAC939}.Release|x64.Build.0 = Release|x64
		{619176B1-CE17-47E9-B650-36F03ACAC939}.Release|x86.ActiveCfg = Release|Win32
		{619176B1-CE17-47E9-B650-36F03ACAC939}.Release|x86.Build.0 = Release|Win32
		{1094AC30-DE74-48E0-8AC1-BD2F7548F2CF}.Debug|Any CPU.ActiveCfg = Debug|Win32
		{1094AC30-DE74-48E0-8AC1-BD2F7548F2CF}.Debug|x64.ActiveCfg = Debug|x64
		{1094AC30-DE74-48E0-8AC1-BD2F7548F2CF}.Debug|x64.Build.0 = Debug|x64
		{1094AC30-DE74-48E0-8AC1-BD2F7548F2CF}.Debug|x86.ActiveCfg = Debug|Win32
		{1094AC30-DE74-48E0-8AC1-BD2F7548F2CF}.Debug|x86.Build.0 = Debug|Win32
		{1094AC30-DE74-48E0-8AC1-BD2F7548F2CF}.Release|Any CPU.ActiveCfg = Release|Win32
		{1094AC30-DE74-48E0-8AC1-BD2F7548F2CF}.Release|x64.ActiveCfg = Release|x64
		{1094AC30-DE74-48E0-8AC1-BD2F7548F2CF}.Release|x64.Build.0 = Release|x64
		{1094AC30-DE74-48E0-8AC1-BD2F7548F2CF}.Release|x86.ActiveCfg = Release|Win32
		{1094AC30-DE74-48E0-8AC1-BD2F7548F2CF}.Release|x86.Build.0 = Release|Win32
		{EBC2DFBB-2692-4F15-BC34-874BD15B0274}.Debug|Any CPU.ActiveCfg = Debug|Win32
		{EBC2DFBB-2692-4F15-BC34-874BD15B0274}.Debug|x64.ActiveCfg = Debug|x64
		{EBC2DFBB-2692-4F15-BC34-874BD15B0274}.Debug|x64.Build.0 = Debug|x64
		{EBC2DFBB-2692-4F15-BC34-874BD15B0274}.Debug|x86.ActiveCfg = Debug|Win32
		{EBC2DFBB-2692-4F15-BC34-874BD15B0274}.Debug|x86.Build.0 = Debug|Win32
		{EBC2DFBB-2692-4F15-BC34-874BD15B0274}.Release|Any CPU.ActiveCfg = Release|Win32
		{EBC2DFBB-2692-4F15-BC34-874BD15B0274}.Release|x64.ActiveCfg = Release|x64
		{EBC2DFBB-2692-4F15-BC34-874BD15B0274}.Release|x64.Build.0 = Release|x64
		{EBC2DFBB-2692-4F15-BC34-874BD15B0274}.Release|x86.ActiveCfg = Release|Win32
		{EBC2DFBB-2692-4F15-BC34-874BD15B0274}.Release|x86.Build.0 = Release|Win32
		{8A4AECC3-DF9C-4730-A8CA-8236DBF10DBD}.Debug|Any CPU.ActiveCfg = Debug|Win32
		{8A4AECC3-DF9C-4730-A8CA-8236DBF10DBD}.Debug|x64.ActiveCfg = Debug|x64
		{8A4AECC3-DF9C-4730-A8CA-8236DBF10DBD}.Debug|x64.Build.0 = Debug|x64
		{8A4AECC3-DF9C-4730-A8CA-8236DBF10DBD}.Debug|x86.ActiveCfg = Debug|Win32
		{8A4AECC3-DF9C-4730-A8CA-8236DBF10DBD}.Debug|x86.Build.0 = Debug|Win32
		{8A4AECC3-DF9C-4730-A8CA-8236DBF10DBD}.Release|Any CPU.ActiveCfg = Release|Win32
		{8A4AECC3-DF9C-4730-A8CA-8236DBF10DBD}.Release|x64.ActiveCfg = Release|x64
		{8A4AECC3-DF9C-4730-A8CA-8236DBF10DBD}.Release|x64.Build.0 = Release|x64
		{8A4AECC3-DF9C-4730-A8CA-8236DBF10DBD}.Release|x86.ActiveCfg = Release|Win32
		{8A4AECC3-DF9C-4730-A8CA-8236DBF10DBD}.Release|x86.Build.0 = Release|Win32
		{A64206EE-08CB-4605-A7DB-387207E2D7EA}.Debug|Any CPU.ActiveCfg = Debug|Win32
		{A64206EE-08CB-4605-A7DB-387207E2D7EA}.Debug|x64.ActiveCfg = Debug|x64
		{A64206EE-08CB-4605-A7DB-387207E2D7EA}.Debug|x64.Build.0 = Debug|x64
		{A64206EE-08CB-4605-A7DB-387207E2D7EA}.Debug|x86.ActiveCfg = Debug|Win32
		{A64206EE-08CB-4605-A7DB-387207E2D7EA}.Debug|x86.Build.0 = Debug|Win32
		{A64206EE-08CB-4605-A7DB-387207E2D7EA}.Release|Any CPU.ActiveCfg = Release|Win32
		{A64206EE-08CB-4605-A7DB-387207E2D7EA}.Release|x64.ActiveCfg = Release|x64
		{A64206EE-08CB-4605-A7DB-387207E2D7EA}.Release|x64.Build.0 = Release|x64
		{A64206EE-08CB-4605-A7DB-387207E2D7EA}.Release|x86.ActiveCfg = Release|Win32
		{A64206EE-08CB-4605-A7DB-387207E2D7EA}.Release|x86.Build.0 = Release|Win32
		{932ADC7C-A95B-471C-AD92-C144D5F1848A}.Debug|Any CPU.ActiveCfg = Debug|Win32
		{932ADC7C-A95B-471C-AD92-C144D5F1848A}.Debug|x64.ActiveCfg = Debug|x64
		{932ADC7C-A95B-471C-AD92-C144D5F1848A}.Debug|x64.Build.0 = Debug|x64
		{932ADC7C-A95B-471C-AD92-C144D5F1848A}.Debug|x86.ActiveCfg = Debug|Win32
		{932ADC7C-A95B-471C-AD92-C144D5F1848A}.Debug|x86.Build.0 = Debug|Win32
		{932ADC7C-A95B-471C-AD92-C144D5F1848A}.Release|Any CPU.ActiveCfg = Release|Win32
		{932ADC7C-A95B-471C-AD92-C144D5F1848A}.Release|x64.ActiveCfg = Release|x64
		{932ADC7C-A95B-471C-AD92-C144D5F1848A}.Release|x64.Build.0 = Release|x64
		{932ADC7C-A95B-471C-AD92-C144D5F1848A}.Release|x86.ActiveCfg = Release|Win32
		{932ADC7C-A95B-471C-AD92-C144D5F1848A}.Release|x86.Build.0 = Release|Win32
		{549D42F4-EC43-4618-A62A-56C63FD09C83}.Debug|Any CPU.ActiveCfg = Debug|Win32
		{549D42F4-EC43-4618-A62A-56C63FD09C83}.Debug|x64.ActiveCfg = Debug|x64
		{549D42F4-EC43-4618-A62A-56C63FD09C83}.Debug|x64.Build.0 = Debug|x64
		{549D42F4-EC43-4618-A62A-56C63FD09C83}.Debug|x86.ActiveCfg = Debug|Win32
		{549D42F4-EC43-4618-A62A-56C63FD09C83}.Debug|x86.Build.0 = Debug|Win32
		{549D42F4-EC43-4618-A62A-56C63FD09C83}.Release|Any CPU.ActiveCfg = Release|Win32
		{549D42F4-EC43-4618-A62A-56C63FD09C83}.Release|x64.ActiveCfg = Release|x64
		{549D42F4-EC43-4618-A62A-56C63FD09C83}.Release|x64.Build.0 = Release|x64
		{549D42F4-EC43-4618-A62A-56C63FD09C83}.Release|x86.ActiveCfg = Release|Win32
		{549D42F4-EC43-4618-A62A-56C63FD09C83}.Release|x86.Build.0 = Release|Win32
		{4B104B4B-094C-4E6E-BC9C-17FD49B15012}.Debug|Any CPU.ActiveCfg = Debug|Win32
		{4B104B4B-094C-4E6E-BC9C-17FD49B15012}.Debug|x64.ActiveCfg = Debug|x64
		{4B104B4B-094C-4E6E-BC9C-17FD49B15012}.Debug|x64.Build.0 = Debug|x64
		{4B104B4B-094C-4E6E-BC9C-17FD49B15012}.Debug|x86.ActiveCfg = Debug|Win32
		{4B104B4B-094C-4E6E-BC9C-17FD49B15012}.Debug|x86.Build.0 = Debug|Win32
		{4B104B4B-094C-4E6E-BC9C-17FD49B15012}.Release|Any CPU.ActiveCfg = Release|Win32
		{4B104B4B-094C-4E6E-BC9C-17FD49B15012}.Release|x64.ActiveCfg = Release|x64
		{4B104B4B-094C-4E6E-BC9C-17FD49B15012}.Release|x64.Build.0 = Release|x64
		{4B104B4B-094C-4E6E-BC9C-17FD49B15012}.Release|x86.ActiveCfg = Release|Win32
		{4B104B4B-094C-4E6E-BC9C-17FD49B15012}.Release|x86.Build.0 = Release|Win32
		{CE3FAE5D-0703-4D50-AFBD-9DA4BB0A915A}.Debug|Any CPU.ActiveCfg = Debug|Win32
		{CE3FAE5D-0703-4D50-AFBD-9DA4BB0A915A}.Debug|x64.ActiveCfg = Debug|x64
		{CE3FAE5D-0703-4D50-AFBD-9DA4BB0A915A}.Debug|x64.Build.0 = Debug|x64
		{CE3FAE5D-0703-4D50-AFBD-9DA4BB0A915A}.Debug|x86.ActiveCfg = Debug|Win32
		{CE3FAE5D-0703-4D50-AFBD-9DA4BB0A915A}.Debug|x86.Build.0 = Debug|Win32
		{CE3FAE5D-0703-4D50-AFBD-9DA4BB0A915A}.Release|Any CPU.ActiveCfg = Release|Win32
		{CE3FAE5D-0703-4D50-AFBD-9DA4BB0A915A}.Release|x64.ActiveCfg = Release|x64
		{CE3FAE5D-0703-4D50-AFBD-9DA4BB0A915A}.Release|x64.Build.0 = Release|x64
		{CE3FAE5D-0703-4D50-AFBD-9DA4BB0A915A}.Release|x86.ActiveCfg = Release|Win32
		{CE3FAE5D-0703-4D50-AFBD-9DA4BB0A915A}.Release|x86.Build.0 = Release|Win32
		{9B35D371-999F-42FB-99AE-CC862BBE99D3}.Debug|Any CPU.ActiveCfg = Debug|Any CPU
		{9B35D371-999F-42FB-99AE-CC862BBE99D3}.Debug|Any CPU.Build.0 = Debug|Any CPU
		{9B35D371-999F-42FB-99AE-CC862BBE99D3}.Debug|x64.ActiveCfg = Debug|Any CPU
		{9B35D371-999F-42FB-99AE-CC862BBE99D3}.Debug|x64.Build.0 = Debug|Any CPU
		{9B35D371-999F-42FB-99AE-CC862BBE99D3}.Debug|x86.ActiveCfg = Debug|Any CPU
		{9B35D371-999F-42FB-99AE-CC862BBE99D3}.Debug|x86.Build.0 = Debug|Any CPU
		{9B35D371-999F-42FB-99AE-CC862BBE99D3}.Release|Any CPU.ActiveCfg = Release|Any CPU
		{9B35D371-999F-42FB-99AE-CC862BBE99D3}.Release|Any CPU.Build.0 = Release|Any CPU
		{9B35D371-999F-42FB-99AE-CC862BBE99D3}.Release|x64.ActiveCfg = Release|Any CPU
		{9B35D371-999F-42FB-99AE-CC862BBE99D3}.Release|x64.Build.0 = Release|Any CPU
		{9B35D371-999F-42FB-99AE-CC862BBE99D3}.Release|x86.ActiveCfg = Release|Any CPU
		{9B35D371-999F-42FB-99AE-CC862BBE99D3}.Release|x86.Build.0 = Release|Any CPU
		{0B09C96C-DD57-43AA-AFE1-5E47982A7E47}.Debug|Any CPU.ActiveCfg = Debug|Win32
		{0B09C96C-DD57-43AA-AFE1-5E47982A7E47}.Debug|x64.ActiveCfg = Debug|x64
		{0B09C96C-DD57-43AA-AFE1-5E47982A7E47}.Debug|x64.Build.0 = Debug|x64
		{0B09C96C-DD57-43AA-AFE1-5E47982A7E47}.Debug|x86.ActiveCfg = Debug|Win32
		{0B09C96C-DD57-43AA-AFE1-5E47982A7E47}.Debug|x86.Build.0 = Debug|Win32
		{0B09C96C-DD57-43AA-AFE1-5E47982A7E47}.Release|Any CPU.ActiveCfg = Release|Win32
		{0B09C96C-DD57-43AA-AFE1-5E47982A7E47}.Release|x64.ActiveCfg = Release|x64
		{0B09C96C-DD57-43AA-AFE1-5E47982A7E47}.Release|x64.Build.0 = Release|x64
		{0B09C96C-DD57-43AA-AFE1-5E47982A7E47}.Release|x86.ActiveCfg = Release|Win32
		{0B09C96C-DD57-43AA-AFE1-5E47982A7E47}.Release|x86.Build.0 = Release|Win32
		{E7701415-A9D2-4516-B6FE-800898095F7A}.Debug|Any CPU.ActiveCfg = Debug|Win32
		{E7701415-A9D2-4516-B6FE-800898095F7A}.Debug|x64.ActiveCfg = Debug|x64
		{E7701415-A9D2-4516-B6FE-800898095F7A}.Debug|x64.Build.0 = Debug|x64
		{E7701415-A9D2-4516-B6FE-800898095F7A}.Debug|x86.ActiveCfg = Debug|Win32
		{E7701415-A9D2-4516-B6FE-800898095F7A}.Debug|x86.Build.0 = Debug|Win32
		{E7701415-A9D2-4516-B6FE-800898095F7A}.Release|Any CPU.ActiveCfg = Release|Win32
		{E7701415-A9D2-4516-B6FE-800898095F7A}.Release|x64.ActiveCfg = Release|x64
		{E7701415-A9D2-4516-B6FE-800898095F7A}.Release|x64.Build.0 = Release|x64
		{E7701415-A9D2-4516-B6FE-800898095F7A}.Release|x86.ActiveCfg = Release|Win32
		{E7701415-A9D2-4516-B6FE-800898095F7A}.Release|x86.Build.0 = Release|Win32
		{108BF9A0-C067-41CF-849C-882A53718574}.Debug|Any CPU.ActiveCfg = Debug|Win32
		{108BF9A0-C067-41CF-849C-882A53718574}.Debug|x64.ActiveCfg = Debug|x64
		{108BF9A0-C067-41CF-849C-882A53718574}.Debug|x64.Build.0 = Debug|x64
		{108BF9A0-C067-41CF-849C-882A53718574}.Debug|x86.ActiveCfg = Debug|Win32
		{108BF9A0-C067-41CF-849C-882A53718574}.Debug|x86.Build.0 = Debug|Win32
		{108BF9A0-C067-41CF-849C-882A53718574}.Release|Any CPU.ActiveCfg = Release|Win32
		{108BF9A0-C067-41CF-849C-882A53718574}.Release|x64.ActiveCfg = Release|x64
		{108BF9A0-C067-41CF-849C-882A53718574}.Release|x64.Build.0 = Release|x64
		{108BF9A0-C067-41CF-849C-882A53718574}.Release|x86.ActiveCfg = Release|Win32
		{108BF9A0-C067-41CF-849C-882A53718574}.Release|x86.Build.0 = Release|Win32
		{FADBDE53-C7C5-4F3E-9F4B-7FAA9FA8C54F}.Debug|Any CPU.ActiveCfg = Debug|Win32
		{FADBDE53-C7C5-4F3E-9F4B-7FAA9FA8C54F}.Debug|x64.ActiveCfg = Debug|x64
		{FADBDE53-C7C5-4F3E-9F4B-7FAA9FA8C54F}.Debug|x64.Build.0 = Debug|x64
		{FADBDE53-C7C5-4F3E-9F4B-7FAA9FA8C54F}.Debug|x86.ActiveCfg = Debug|Win32
		{FADBDE53-C7C5-4F3E-9F4B-7FAA9FA8C54F}.Debug|x86.Build.0 = Debug|Win32
		{FADBDE53-C7C5-4F3E-9F4B-7FAA9FA8C54F}.Release|Any CPU.ActiveCfg = Release|Win32
		{FADBDE53-C7C5-4F3E-9F4B-7FAA9FA8C54F}.Release|x64.ActiveCfg = Release|x64
		{FADBDE53-C7C5-4F3E-9F4B-7FAA9FA8C54F}.Release|x64.Build.0 = Release|x64
		{FADBDE53-C7C5-4F3E-9F4B-7FAA9FA8C54F}.Release|x86.ActiveCfg = Release|Win32
		{FADBDE53-C7C5-4F3E-9F4B-7FAA9FA8C54F}.Release|x86.Build.0 = Release|Win32
		{85B0F8B1-92F9-4F87-ABBB-AFDE0A71BBE3}.Debug|Any CPU.ActiveCfg = Debug|Win32
		{85B0F8B1-92F9-4F87-ABBB-AFDE0A71BBE3}.Debug|x64.ActiveCfg = Debug|x64
		{85B0F8B1-92F9-4F87-ABBB-AFDE0A71BBE3}.Debug|x64.Build.0 = Debug|x64
		{85B0F8B1-92F9-4F87-ABBB-AFDE0A71BBE3}.Debug|x86.ActiveCfg = Debug|Win32
		{85B0F8B1-92F9-4F87-ABBB-AFDE0A71BBE3}.Debug|x86.Build.0 = Debug|Win32
		{85B0F8B1-92F9-4F87-ABBB-AFDE0A71BBE3}.Release|Any CPU.ActiveCfg = Release|Win32
		{85B0F8B1-92F9-4F87-ABBB-AFDE0A71BBE3}.Release|x64.ActiveCfg = Release|x64
		{85B0F8B1-92F9-4F87-ABBB-AFDE0A71BBE3}.Release|x64.Build.0 = Release|x64
		{85B0F8B1-92F9-4F87-ABBB-AFDE0A71BBE3}.Release|x86.ActiveCfg = Release|Win32
		{85B0F8B1-92F9-4F87-ABBB-AFDE0A71BBE3}.Release|x86.Build.0 = Release|Win32
		{EE8D11F8-C942-4C92-AE11-A29D97EDD811}.Debug|Any CPU.ActiveCfg = Debug|Win32
		{EE8D11F8-C942-4C92-AE11-A29D97EDD811}.Debug|x64.ActiveCfg = Debug|x64
		{EE8D11F8-C942-4C92-AE11-A29D97EDD811}.Debug|x64.Build.0 = Debug|x64
		{EE8D11F8-C942-4C92-AE11-A29D97EDD811}.Debug|x86.ActiveCfg = Debug|Win32
		{EE8D11F8-C942-4C92-AE11-A29D97EDD811}.Debug|x86.Build.0 = Debug|Win32
		{EE8D11F8-C942-4C92-AE11-A29D97EDD811}.Release|Any CPU.ActiveCfg = Release|Win32
		{EE8D11F8-C942-4C92-AE11-A29D97EDD811}.Release|x64.ActiveCfg = Release|x64
		{EE8D11F8-C942-4C92-AE11-A29D97EDD811}.Release|x64.Build.0 = Release|x64
		{EE8D11F8-C942-4C92-AE11-A29D97EDD811}.Release|x86.ActiveCfg = Release|Win32
		{EE8D11F8-C942-4C92-AE11-A29D97EDD811}.Release|x86.Build.0 = Release|Win32
		{C2368269-ACAF-43A3-939C-5830D885BE92}.Debug|Any CPU.ActiveCfg = Debug|Win32
		{C2368269-ACAF-43A3-939C-5830D885BE92}.Debug|x64.ActiveCfg = Debug|x64
		{C2368269-ACAF-43A3-939C-5830D885BE92}.Debug|x64.Build.0 = Debug|x64
		{C2368269-ACAF-43A3-939C-5830D885BE92}.Debug|x86.ActiveCfg = Debug|Win32
		{C2368269-ACAF-43A3-939C-5830D885BE92}.Debug|x86.Build.0 = Debug|Win32
		{C2368269-ACAF-43A3-939C-5830D885BE92}.Release|Any CPU.ActiveCfg = Release|Win32
		{C2368269-ACAF-43A3-939C-5830D885BE92}.Release|x64.ActiveCfg = Release|x64
		{C2368269-ACAF-43A3-939C-5830D885BE92}.Release|x64.Build.0 = Release|x64
		{C2368269-ACAF-43A3-939C-5830D885BE92}.Release|x86.ActiveCfg = Release|Win32
		{C2368269-ACAF-43A3-939C-5830D885BE92}.Release|x86.Build.0 = Release|Win32
		{7D7453DF-7F06-4D87-984C-4B2D2F701A64}.Debug|Any CPU.ActiveCfg = Debug|Win32
		{7D7453DF-7F06-4D87-984C-4B2D2F701A64}.Debug|x64.ActiveCfg = Debug|x64
		{7D7453DF-7F06-4D87-984C-4B2D2F701A64}.Debug|x64.Build.0 = Debug|x64
		{7D7453DF-7F06-4D87-984C-4B2D2F701A64}.Debug|x86.ActiveCfg = Debug|Win32
		{7D7453DF-7F06-4D87-984C-4B2D2F701A64}.Debug|x86.Build.0 = Debug|Win32
		{7D7453DF-7F06-4D87-984C-4B2D2F701A64}.Release|Any CPU.ActiveCfg = Release|Win32
		{7D7453DF-7F06-4D87-984C-4B2D2F701A64}.Release|x64.ActiveCfg = Release|x64
		{7D7453DF-7F06-4D87-984C-4B2D2F701A64}.Release|x64.Build.0 = Release|x64
		{7D7453DF-7F06-4D87-984C-4B2D2F701A64}.Release|x86.ActiveCfg = Release|Win32
		{7D7453DF-7F06-4D87-984C-4B2D2F701A64}.Release|x86.Build.0 = Release|Win32
		{452F2197-5D27-44DB-B84C-8701C3555AFC}.Debug|Any CPU.ActiveCfg = Debug|Win32
		{452F2197-5D27-44DB-B84C-8701C3555AFC}.Debug|x64.ActiveCfg = Debug|x64
		{452F2197-5D27-44DB-B84C-8701C3555AFC}.Debug|x64.Build.0 = Debug|x64
		{452F2197-5D27-44DB-B84C-8701C3555AFC}.Debug|x86.ActiveCfg = Debug|Win32
		{452F2197-5D27-44DB-B84C-8701C3555AFC}.Debug|x86.Build.0 = Debug|Win32
		{452F2197-5D27-44DB-B84C-8701C3555AFC}.Release|Any CPU.ActiveCfg = Release|Win32
		{452F2197-5D27-44DB-B84C-8701C3555AFC}.Release|x64.ActiveCfg = Release|x64
		{452F2197-5D27-44DB-B84C-8701C3555AFC}.Release|x64.Build.0 = Release|x64
		{452F2197-5D27-44DB-B84C-8701C3555AFC}.Release|x86.ActiveCfg = Release|Win32
		{452F2197-5D27-44DB-B84C-8701C3555AFC}.Release|x86.Build.0 = Release|Win32
		{50D130CB-6DB8-49C1-8A75-48F08F70FF1A}.Debug|Any CPU.ActiveCfg = Debug|Win32
		{50D130CB-6DB8-49C1-8A75-48F08F70FF1A}.Debug|x64.ActiveCfg = Debug|x64
		{50D130CB-6DB8-49C1-8A75-48F08F70FF1A}.Debug|x64.Build.0 = Debug|x64
		{50D130CB-6DB8-49C1-8A75-48F08F70FF1A}.Debug|x86.ActiveCfg = Debug|Win32
		{50D130CB-6DB8-49C1-8A75-48F08F70FF1A}.Debug|x86.Build.0 = Debug|Win32
		{50D130CB-6DB8-49C1-8A75-48F08F70FF1A}.Release|Any CPU.ActiveCfg = Release|Win32
		{50D130CB-6DB8-49C1-8A75-48F08F70FF1A}.Release|x64.ActiveCfg = Release|x64
		{50D130CB-6DB8-49C1-8A75-48F08F70FF1A}.Release|x64.Build.0 = Release|x64
		{50D130CB-6DB8-49C1-8A75-48F08F70FF1A}.Release|x86.ActiveCfg = Release|Win32
		{50D130CB-6DB8-49C1-8A75-48F08F70FF1A}.Release|x86.Build.0 = Release|Win32
		{0B6B989F-C3E9-4559-A42F-EBBD9B40385A}.Debug|Any CPU.ActiveCfg = Debug|Win32
		{0B6B989F-C3E9-4559-A42F-EBBD9B40385A}.Debug|x64.ActiveCfg = Debug|x64
		{0B6B989F-C3E9-4559-A42F-EBBD9B40385A}.Debug|x64.Build.0 = Debug|x64
		{0B6B989F-C3E9-4559-A42F-EBBD9B40385A}.Debug|x86.ActiveCfg = Debug|Win32
		{0B6B989F-C3E9-4559-A42F-EBBD9B40385A}.Debug|x86.Build.0 = Debug|Win32
		{0B6B989F-C3E9-4559-A42F-EBBD9B40385A}.Release|Any CPU.ActiveCfg = Release|Win32
		{0B6B989F-C3E9-4559-A42F-EBBD9B40385A}.Release|x64.ActiveCfg = Release|x64
		{0B6B989F-C3E9-4559-A42F-EBBD9B40385A}.Release|x64.Build.0 = Release|x64
		{0B6B989F-C3E9-4559-A42F-EBBD9B40385A}.Release|x86.ActiveCfg = Release|Win32
		{0B6B989F-C3E9-4559-A42F-EBBD9B40385A}.Release|x86.Build.0 = Release|Win32
		{196F679D-146C-4A19-8BE5-6DDFB3003934}.Debug|Any CPU.ActiveCfg = Debug|Win32
		{196F679D-146C-4A19-8BE5-6DDFB3003934}.Debug|x64.ActiveCfg = Debug|x64
		{196F679D-146C-4A19-8BE5-6DDFB3003934}.Debug|x64.Build.0 = Debug|x64
		{196F679D-146C-4A19-8BE5-6DDFB3003934}.Debug|x86.ActiveCfg = Debug|Win32
		{196F679D-146C-4A19-8BE5-6DDFB3003934}.Debug|x86.Build.0 = Debug|Win32
		{196F679D-146C-4A19-8BE5-6DDFB3003934}.Release|Any CPU.ActiveCfg = Release|Win32
		{196F679D-146C-4A19-8BE5-6DDFB3003934}.Release|x64.ActiveCfg = Release|x64
		{196F679D-146C-4A19-8BE5-6DDFB3003934}.Release|x64.Build.0 = Release|x64
		{196F679D-146C-4A19-8BE5-6DDFB3003934}.Release|x86.ActiveCfg = Release|Win32
		{196F679D-146C-4A19-8BE5-6DDFB3003934}.Release|x86.Build.0 = Release|Win32
		{83F3A0B7-E28F-44A2-8ECC-2FC91163DB75}.Debug|Any CPU.ActiveCfg = Debug|Win32
		{83F3A0B7-E28F-44A2-8ECC-2FC91163DB75}.Debug|x64.ActiveCfg = Debug|x64
		{83F3A0B7-E28F-44A2-8ECC-2FC91163DB75}.Debug|x64.Build.0 = Debug|x64
		{83F3A0B7-E28F-44A2-8ECC-2FC91163DB75}.Debug|x86.ActiveCfg = Debug|Win32
		{83F3A0B7-E28F-44A2-8ECC-2FC91163DB75}.Debug|x86.Build.0 = Debug|Win32
		{83F3A0B7-E28F-44A2-8ECC-2FC91163DB75}.Release|Any CPU.ActiveCfg = Release|Win32
		{83F3A0B7-E28F-44A2-8ECC-2FC91163DB75}.Release|x64.ActiveCfg = Release|x64
		{83F3A0B7-E28F-44A2-8ECC-2FC91163DB75}.Release|x64.Build.0 = Release|x64
		{83F3A0B7-E28F-44A2-8ECC-2FC91163DB75}.Release|x86.ActiveCfg = Release|Win32
		{83F3A0B7-E28F-44A2-8ECC-2FC91163DB75}.Release|x86.Build.0 = Release|Win32
		{BF45A272-70CB-41E1-97CD-A9D6A24B7573}.Debug|Any CPU.ActiveCfg = Debug|Win32
		{BF45A272-70CB-41E1-97CD-A9D6A24B7573}.Debug|x64.ActiveCfg = Debug|x64
		{BF45A272-70CB-41E1-97CD-A9D6A24B7573}.Debug|x64.Build.0 = Debug|x64
		{BF45A272-70CB-41E1-97CD-A9D6A24B7573}.Debug|x86.ActiveCfg = Debug|Win32
		{BF45A272-70CB-41E1-97CD-A9D6A24B7573}.Debug|x86.Build.0 = Debug|Win32
		{BF45A272-70CB-41E1-97CD-A9D6A24B7573}.Release|Any CPU.ActiveCfg = Release|Win32
		{BF45A272-70CB-41E1-97CD-A9D6A24B7573}.Release|x64.ActiveCfg = Release|x64
		{BF45A272-70CB-41E1-97CD-A9D6A24B7573}.Release|x64.Build.0 = Release|x64
		{BF45A272-70CB-41E1-97CD-A9D6A24B7573}.Release|x86.ActiveCfg = Release|Win32
		{BF45A272-70CB-41E1-97CD-A9D6A24B7573}.Release|x86.Build.0 = Release|Win32
		{CAC72D0C-8A22-4DF1-B117-5E282F8D4AF4}.Debug|Any CPU.ActiveCfg = Debug|Win32
		{CAC72D0C-8A22-4DF1-B117-5E282F8D4AF4}.Debug|x64.ActiveCfg = Debug|x64
		{CAC72D0C-8A22-4DF1-B117-5E282F8D4AF4}.Debug|x64.Build.0 = Debug|x64
		{CAC72D0C-8A22-4DF1-B117-5E282F8D4AF4}.Debug|x86.ActiveCfg = Debug|Win32
		{CAC72D0C-8A22-4DF1-B117-5E282F8D4AF4}.Debug|x86.Build.0 = Debug|Win32
		{CAC72D0C-8A22-4DF1-B117-5E282F8D4AF4}.Release|Any CPU.ActiveCfg = Release|Win32
		{CAC72D0C-8A22-4DF1-B117-5E282F8D4AF4}.Release|x64.ActiveCfg = Release|x64
		{CAC72D0C-8A22-4DF1-B117-5E282F8D4AF4}.Release|x64.Build.0 = Release|x64
		{CAC72D0C-8A22-4DF1-B117-5E282F8D4AF4}.Release|x86.ActiveCfg = Release|Win32
		{CAC72D0C-8A22-4DF1-B117-5E282F8D4AF4}.Release|x86.Build.0 = Release|Win32
		{2179D46B-2A64-4616-B9BC-A663294D886E}.Debug|Any CPU.ActiveCfg = Debug|Win32
		{2179D46B-2A64-4616-B9BC-A663294D886E}.Debug|x64.ActiveCfg = Debug|x64
		{2179D46B-2A64-4616-B9BC-A663294D886E}.Debug|x64.Build.0 = Debug|x64
		{2179D46B-2A64-4616-B9BC-A663294D886E}.Debug|x86.ActiveCfg = Debug|Win32
		{2179D46B-2A64-4616-B9BC-A663294D886E}.Debug|x86.Build.0 = Debug|Win32
		{2179D46B-2A64-4616-B9BC-A663294D886E}.Release|Any CPU.ActiveCfg = Release|Win32
		{2179D46B-2A64-4616-B9BC-A663294D886E}.Release|x64.ActiveCfg = Release|x64
		{2179D46B-2A64-4616-B9BC-A663294D886E}.Release|x64.Build.0 = Release|x64
		{2179D46B-2A64-4616-B9BC-A663294D886E}.Release|x86.ActiveCfg = Release|Win32
		{2179D46B-2A64-4616-B9BC-A663294D886E}.Release|x86.Build.0 = Release|Win32
		{D5A883CB-61A0-4014-A2F4-FC2D91A33696}.Debug|Any CPU.ActiveCfg = Debug|Win32
		{D5A883CB-61A0-4014-A2F4-FC2D91A33696}.Debug|x64.ActiveCfg = Debug|x64
		{D5A883CB-61A0-4014-A2F4-FC2D91A33696}.Debug|x64.Build.0 = Debug|x64
		{D5A883CB-61A0-4014-A2F4-FC2D91A33696}.Debug|x86.ActiveCfg = Debug|Win32
		{D5A883CB-61A0-4014-A2F4-FC2D91A33696}.Debug|x86.Build.0 = Debug|Win32
		{D5A883CB-61A0-4014-A2F4-FC2D91A33696}.Release|Any CPU.ActiveCfg = Release|Win32
		{D5A883CB-61A0-4014-A2F4-FC2D91A33696}.Release|x64.ActiveCfg = Release|x64
		{D5A883CB-61A0-4014-A2F4-FC2D91A33696}.Release|x64.Build.0 = Release|x64
		{D5A883CB-61A0-4014-A2F4-FC2D91A33696}.Release|x86.ActiveCfg = Release|Win32
		{D5A883CB-61A0-4014-A2F4-FC2D91A33696}.Release|x86.Build.0 = Release|Win32
		{0FB75642-A88F-4074-9F2B-BEAF9206066A}.Debug|Any CPU.ActiveCfg = Debug|Win32
		{0FB75642-A88F-4074-9F2B-BEAF9206066A}.Debug|x64.ActiveCfg = Debug|x64
		{0FB75642-A88F-4074-9F2B-BEAF9206066A}.Debug|x64.Build.0 = Debug|x64
		{0FB75642-A88F-4074-9F2B-BEAF9206066A}.Debug|x86.ActiveCfg = Debug|Win32
		{0FB75642-A88F-4074-9F2B-BEAF9206066A}.Debug|x86.Build.0 = Debug|Win32
		{0FB75642-A88F-4074-9F2B-BEAF9206066A}.Release|Any CPU.ActiveCfg = Release|Win32
		{0FB75642-A88F-4074-9F2B-BEAF9206066A}.Release|x64.ActiveCfg = Release|x64
		{0FB75642-A88F-4074-9F2B-BEAF9206066A}.Release|x64.Build.0 = Release|x64
		{0FB75642-A88F-4074-9F2B-BEAF9206066A}.Release|x86.ActiveCfg = Release|Win32
		{0FB75642-A88F-4074-9F2B-BEAF9206066A}.Release|x86.Build.0 = Release|Win32
		{773EE5E4-6E58-4F76-A3E6-CA39B27903A4}.Debug|Any CPU.ActiveCfg = Debug|Win32
		{773EE5E4-6E58-4F76-A3E6-CA39B27903A4}.Debug|x64.ActiveCfg = Debug|x64
		{773EE5E4-6E58-4F76-A3E6-CA39B27903A4}.Debug|x64.Build.0 = Debug|x64
		{773EE5E4-6E58-4F76-A3E6-CA39B27903A4}.Debug|x86.ActiveCfg = Debug|Win32
		{773EE5E4-6E58-4F76-A3E6-CA39B27903A4}.Debug|x86.Build.0 = Debug|Win32
		{773EE5E4-6E58-4F76-A3E6-CA39B27903A4}.Release|Any CPU.ActiveCfg = Release|Win32
		{773EE5E4-6E58-4F76-A3E6-CA39B27903A4}.Release|x64.ActiveCfg = Release|x64
		{773EE5E4-6E58-4F76-A3E6-CA39B27903A4}.Release|x64.Build.0 = Release|x64
		{773EE5E4-6E58-4F76-A3E6-CA39B27903A4}.Release|x86.ActiveCfg = Release|Win32
		{773EE5E4-6E58-4F76-A3E6-CA39B27903A4}.Release|x86.Build.0 = Release|Win32
		{6FC156C6-0711-43C5-B48C-236E10AA4753}.Debug|Any CPU.ActiveCfg = Debug|Win32
		{6FC156C6-0711-43C5-B48C-236E10AA4753}.Debug|x64.ActiveCfg = Debug|x64
		{6FC156C6-0711-43C5-B48C-236E10AA4753}.Debug|x64.Build.0 = Debug|x64
		{6FC156C6-0711-43C5-B48C-236E10AA4753}.Debug|x86.ActiveCfg = Debug|Win32
		{6FC156C6-0711-43C5-B48C-236E10AA4753}.Debug|x86.Build.0 = Debug|Win32
		{6FC156C6-0711-43C5-B48C-236E10AA4753}.Release|Any CPU.ActiveCfg = Release|Win32
		{6FC156C6-0711-43C5-B48C-236E10AA4753}.Release|x64.ActiveCfg = Release|x64
		{6FC156C6-0711-43C5-B48C-236E10AA4753}.Release|x64.Build.0 = Release|x64
		{6FC156C6-0711-43C5-B48C-236E10AA4753}.Release|x86.ActiveCfg = Release|Win32
		{6FC156C6-0711-43C5-B48C-236E10AA4753}.Release|x86.Build.0 = Release|Win32
		{9BE297D7-E68B-4B3C-B8FF-970C89A8E6C0}.Debug|Any CPU.ActiveCfg = Debug|Win32
		{9BE297D7-E68B-4B3C-B8FF-970C89A8E6C0}.Debug|x64.ActiveCfg = Debug|x64
		{9BE297D7-E68B-4B3C-B8FF-970C89A8E6C0}.Debug|x64.Build.0 = Debug|x64
		{9BE297D7-E68B-4B3C-B8FF-970C89A8E6C0}.Debug|x86.ActiveCfg = Debug|Win32
		{9BE297D7-E68B-4B3C-B8FF-970C89A8E6C0}.Debug|x86.Build.0 = Debug|Win32
		{9BE297D7-E68B-4B3C-B8FF-970C89A8E6C0}.Release|Any CPU.ActiveCfg = Release|Win32
		{9BE297D7-E68B-4B3C-B8FF-970C89A8E6C0}.Release|x64.ActiveCfg = Release|x64
		{9BE297D7-E68B-4B3C-B8FF-970C89A8E6C0}.Release|x64.Build.0 = Release|x64
		{9BE297D7-E68B-4B3C-B8FF-970C89A8E6C0}.Release|x86.ActiveCfg = Release|Win32
		{9BE297D7-E68B-4B3C-B8FF-970C89A8E6C0}.Release|x86.Build.0 = Release|Win32
		{AA0C100F-B86C-46C3-ABC4-673900D23AEC}.Debug|Any CPU.ActiveCfg = Debug|Win32
		{AA0C100F-B86C-46C3-ABC4-673900D23AEC}.Debug|x64.ActiveCfg = Debug|x64
		{AA0C100F-B86C-46C3-ABC4-673900D23AEC}.Debug|x64.Build.0 = Debug|x64
		{AA0C100F-B86C-46C3-ABC4-673900D23AEC}.Debug|x86.ActiveCfg = Debug|Win32
		{AA0C100F-B86C-46C3-ABC4-673900D23AEC}.Debug|x86.Build.0 = Debug|Win32
		{AA0C100F-B86C-46C3-ABC4-673900D23AEC}.Release|Any CPU.ActiveCfg = Release|Win32
		{AA0C100F-B86C-46C3-ABC4-673900D23AEC}.Release|x64.ActiveCfg = Release|x64
		{AA0C100F-B86C-46C3-ABC4-673900D23AEC}.Release|x64.Build.0 = Release|x64
		{AA0C100F-B86C-46C3-ABC4-673900D23AEC}.Release|x86.ActiveCfg = Release|Win32
		{AA0C100F-B86C-46C3-ABC4-673900D23AEC}.Release|x86.Build.0 = Release|Win32
		{55D4E42F-F589-499D-8481-711818FA0E85}.Debug|Any CPU.ActiveCfg = Debug|Win32
		{55D4E42F-F589-499D-8481-711818FA0E85}.Debug|x64.ActiveCfg = Debug|x64
		{55D4E42F-F589-499D-8481-711818FA0E85}.Debug|x64.Build.0 = Debug|x64
		{55D4E42F-F589-499D-8481-711818FA0E85}.Debug|x86.ActiveCfg = Debug|Win32
		{55D4E42F-F589-499D-8481-711818FA0E85}.Debug|x86.Build.0 = Debug|Win32
		{55D4E42F-F589-499D-8481-711818FA0E85}.Release|Any CPU.ActiveCfg = Release|Win32
		{55D4E42F-F589-499D-8481-711818FA0E85}.Release|x64.ActiveCfg = Release|x64
		{55D4E42F-F589-499D-8481-711818FA0E85}.Release|x64.Build.0 = Release|x64
		{55D4E42F-F589-499D-8481-711818FA0E85}.Release|x86.ActiveCfg = Release|Win32
		{55D4E42F-F589-499D-8481-711818FA0E85}.Release|x86.Build.0 = Release|Win32
		{1CE14B9A-6FCA-465B-B854-AAEDF8CFACFA}.Debug|Any CPU.ActiveCfg = Debug|Win32
		{1CE14B9A-6FCA-465B-B854-AAEDF8CFACFA}.Debug|x64.ActiveCfg = Debug|x64
		{1CE14B9A-6FCA-465B-B854-AAEDF8CFACFA}.Debug|x64.Build.0 = Debug|x64
		{1CE14B9A-6FCA-465B-B854-AAEDF8CFACFA}.Debug|x86.ActiveCfg = Debug|Win32
		{1CE14B9A-6FCA-465B-B854-AAEDF8CFACFA}.Debug|x86.Build.0 = Debug|Win32
		{1CE14B9A-6FCA-465B-B854-AAEDF8CFACFA}.Release|Any CPU.ActiveCfg = Release|Win32
		{1CE14B9A-6FCA-465B-B854-AAEDF8CFACFA}.Release|x64.ActiveCfg = Release|x64
		{1CE14B9A-6FCA-465B-B854-AAEDF8CFACFA}.Release|x64.Build.0 = Release|x64
		{1CE14B9A-6FCA-465B-B854-AAEDF8CFACFA}.Release|x86.ActiveCfg = Release|Win32
		{1CE14B9A-6FCA-465B-B854-AAEDF8CFACFA}.Release|x86.Build.0 = Release|Win32
		{AE68713A-64E6-4A15-99D2-CED5C3826D10}.Debug|Any CPU.ActiveCfg = Debug|Win32
		{AE68713A-64E6-4A15-99D2-CED5C3826D10}.Debug|x64.ActiveCfg = Debug|x64
		{AE68713A-64E6-4A15-99D2-CED5C3826D10}.Debug|x64.Build.0 = Debug|x64
		{AE68713A-64E6-4A15-99D2-CED5C3826D10}.Debug|x86.ActiveCfg = Debug|Win32
		{AE68713A-64E6-4A15-99D2-CED5C3826D10}.Debug|x86.Build.0 = Debug|Win32
		{AE68713A-64E6-4A15-99D2-CED5C3826D10}.Release|Any CPU.ActiveCfg = Release|Win32
		{AE68713A-64E6-4A15-99D2-CED5C3826D10}.Release|x64.ActiveCfg = Release|x64
		{AE68713A-64E6-4A15-99D2-CED5C3826D10}.Release|x64.Build.0 = Release|x64
		{AE68713A-64E6-4A15-99D2-CED5C3826D10}.Release|x86.ActiveCfg = Release|Win32
		{AE68713A-64E6-4A15-99D2-CED5C3826D10}.Release|x86.Build.0 = Release|Win32
		{026B3829-E4F7-410A-84D6-E4E317CED986}.Debug|Any CPU.ActiveCfg = Debug|Win32
		{026B3829-E4F7-410A-84D6-E4E317CED986}.Debug|x64.ActiveCfg = Debug|x64
		{026B3829-E4F7-410A-84D6-E4E317CED986}.Debug|x64.Build.0 = Debug|x64
		{026B3829-E4F7-410A-84D6-E4E317CED986}.Debug|x86.ActiveCfg = Debug|Win32
		{026B3829-E4F7-410A-84D6-E4E317CED986}.Debug|x86.Build.0 = Debug|Win32
		{026B3829-E4F7-410A-84D6-E4E317CED986}.Release|Any CPU.ActiveCfg = Release|Win32
		{026B3829-E4F7-410A-84D6-E4E317CED986}.Release|x64.ActiveCfg = Release|x64
		{026B3829-E4F7-410A-84D6-E4E317CED986}.Release|x64.Build.0 = Release|x64
		{026B3829-E4F7-410A-84D6-E4E317CED986}.Release|x86.ActiveCfg = Release|Win32
		{026B3829-E4F7-410A-84D6-E4E317CED986}.Release|x86.Build.0 = Release|Win32
		{769E74A4-B6F1-4121-82B4-9B0F5EA18003}.Debug|Any CPU.ActiveCfg = Debug|Win32
		{769E74A4-B6F1-4121-82B4-9B0F5EA18003}.Debug|x64.ActiveCfg = Debug|x64
		{769E74A4-B6F1-4121-82B4-9B0F5EA18003}.Debug|x64.Build.0 = Debug|x64
		{769E74A4-B6F1-4121-82B4-9B0F5EA18003}.Debug|x86.ActiveCfg = Debug|Win32
		{769E74A4-B6F1-4121-82B4-9B0F5EA18003}.Debug|x86.Build.0 = Debug|Win32
		{769E74A4-B6F1-4121-82B4-9B0F5EA18003}.Release|Any CPU.ActiveCfg = Release|Win32
		{769E74A4-B6F1-4121-82B4-9B0F5EA18003}.Release|x64.ActiveCfg = Release|x64
		{769E74A4-B6F1-4121-82B4-9B0F5EA18003}.Release|x64.Build.0 = Release|x64
		{769E74A4-B6F1-4121-82B4-9B0F5EA18003}.Release|x86.ActiveCfg = Release|Win32
		{769E74A4-B6F1-4121-82B4-9B0F5EA18003}.Release|x86.Build.0 = Release|Win32
		{E9B67E9D-E6AE-46AC-B477-53F23F39D290}.Debug|Any CPU.ActiveCfg = Debug|Win32
		{E9B67E9D-E6AE-46AC-B477-53F23F39D290}.Debug|x64.ActiveCfg = Debug|x64
		{E9B67E9D-E6AE-46AC-B477-53F23F39D290}.Debug|x64.Build.0 = Debug|x64
		{E9B67E9D-E6AE-46AC-B477-53F23F39D290}.Debug|x86.ActiveCfg = Debug|Win32
		{E9B67E9D-E6AE-46AC-B477-53F23F39D290}.Debug|x86.Build.0 = Debug|Win32
		{E9B67E9D-E6AE-46AC-B477-53F23F39D290}.Release|Any CPU.ActiveCfg = Release|Win32
		{E9B67E9D-E6AE-46AC-B477-53F23F39D290}.Release|x64.ActiveCfg = Release|x64
		{E9B67E9D-E6AE-46AC-B477-53F23F39D290}.Release|x64.Build.0 = Release|x64
		{E9B67E9D-E6AE-46AC-B477-53F23F39D290}.Release|x86.ActiveCfg = Release|Win32
		{E9B67E9D-E6AE-46AC-B477-53F23F39D290}.Release|x86.Build.0 = Release|Win32
	EndGlobalSection
	GlobalSection(SolutionProperties) = preSolution
		HideSolutionNode = FALSE
	EndGlobalSection
	GlobalSection(NestedProjects) = preSolution
		{FFD7FD15-4281-4402-BECF-EC26664A9C27} = {6D56B5DD-1FFA-4145-AE56-9A0CA34DB21E}
		{2317F9A9-87F7-4763-A34E-DD04F0D76A1A} = {6D56B5DD-1FFA-4145-AE56-9A0CA34DB21E}
		{F0100407-B8D8-42E7-A3DE-94679669B6FA} = {6D56B5DD-1FFA-4145-AE56-9A0CA34DB21E}
		{C8562AA5-A393-49BC-BBE8-4CE8C289458F} = {6D56B5DD-1FFA-4145-AE56-9A0CA34DB21E}
		{D7D1BA9C-73A6-4C38-A6BC-61184CDF7339} = {6D56B5DD-1FFA-4145-AE56-9A0CA34DB21E}
		{EE9F1C13-4EE8-4A52-98EA-EDF581F1F06B} = {6D56B5DD-1FFA-4145-AE56-9A0CA34DB21E}
		{2B1528D8-7A2E-49F5-81DF-298CC5455E2E} = {6D56B5DD-1FFA-4145-AE56-9A0CA34DB21E}
		{08E16DFA-D7B7-494A-AE90-F6FD41FFA511} = {6D56B5DD-1FFA-4145-AE56-9A0CA34DB21E}
		{EEC8097D-29BF-4458-991C-FEBAAC5FB03A} = {6D56B5DD-1FFA-4145-AE56-9A0CA34DB21E}
		{AE4217FC-B4F7-4C70-B447-E4C56E08928D} = {6D56B5DD-1FFA-4145-AE56-9A0CA34DB21E}
		{AB2204B1-5744-457A-9377-FB6664B0CA26} = {6D56B5DD-1FFA-4145-AE56-9A0CA34DB21E}
		{FEAE2FE8-57F2-49A3-BDFE-AAE76A695823} = {6D56B5DD-1FFA-4145-AE56-9A0CA34DB21E}
		{6AC14699-9D1E-49D5-BA14-DD9375A8CE46} = {6D56B5DD-1FFA-4145-AE56-9A0CA34DB21E}
		{AA51EC07-92CF-4335-97D1-CF393CB00B0E} = {6D56B5DD-1FFA-4145-AE56-9A0CA34DB21E}
		{053A4A06-CF13-4A6F-B882-E3DA627C86B9} = {6D56B5DD-1FFA-4145-AE56-9A0CA34DB21E}
		{49450B00-6236-4714-86E2-8BED87444ED4} = {6D56B5DD-1FFA-4145-AE56-9A0CA34DB21E}
		{DCA89020-A81F-43E9-9540-F1FC93D3E788} = {6D56B5DD-1FFA-4145-AE56-9A0CA34DB21E}
		{2F291EEF-A410-4613-9283-1AC755E2B340} = {6D56B5DD-1FFA-4145-AE56-9A0CA34DB21E}
		{19CD56CA-A375-4FD5-A73D-DDC4E9A013D9} = {6D56B5DD-1FFA-4145-AE56-9A0CA34DB21E}
		{5E540C54-C86E-4C68-918B-BDD32F3BDBE2} = {6D56B5DD-1FFA-4145-AE56-9A0CA34DB21E}
		{619176B1-CE17-47E9-B650-36F03ACAC939} = {6D56B5DD-1FFA-4145-AE56-9A0CA34DB21E}
		{1094AC30-DE74-48E0-8AC1-BD2F7548F2CF} = {6D56B5DD-1FFA-4145-AE56-9A0CA34DB21E}
		{EBC2DFBB-2692-4F15-BC34-874BD15B0274} = {6D56B5DD-1FFA-4145-AE56-9A0CA34DB21E}
		{8A4AECC3-DF9C-4730-A8CA-8236DBF10DBD} = {6D56B5DD-1FFA-4145-AE56-9A0CA34DB21E}
		{A64206EE-08CB-4605-A7DB-387207E2D7EA} = {6D56B5DD-1FFA-4145-AE56-9A0CA34DB21E}
		{932ADC7C-A95B-471C-AD92-C144D5F1848A} = {C8DFE144-0CCE-4C1A-8BF9-9ED0ED17B1E0}
		{549D42F4-EC43-4618-A62A-56C63FD09C83} = {C8DFE144-0CCE-4C1A-8BF9-9ED0ED17B1E0}
		{4B104B4B-094C-4E6E-BC9C-17FD49B15012} = {C8DFE144-0CCE-4C1A-8BF9-9ED0ED17B1E0}
		{CE3FAE5D-0703-4D50-AFBD-9DA4BB0A915A} = {C8DFE144-0CCE-4C1A-8BF9-9ED0ED17B1E0}
		{9B35D371-999F-42FB-99AE-CC862BBE99D3} = {C8DFE144-0CCE-4C1A-8BF9-9ED0ED17B1E0}
		{0B09C96C-DD57-43AA-AFE1-5E47982A7E47} = {C8DFE144-0CCE-4C1A-8BF9-9ED0ED17B1E0}
		{E7701415-A9D2-4516-B6FE-800898095F7A} = {C8DFE144-0CCE-4C1A-8BF9-9ED0ED17B1E0}
		{108BF9A0-C067-41CF-849C-882A53718574} = {C8DFE144-0CCE-4C1A-8BF9-9ED0ED17B1E0}
		{FADBDE53-C7C5-4F3E-9F4B-7FAA9FA8C54F} = {C8DFE144-0CCE-4C1A-8BF9-9ED0ED17B1E0}
		{85B0F8B1-92F9-4F87-ABBB-AFDE0A71BBE3} = {C8DFE144-0CCE-4C1A-8BF9-9ED0ED17B1E0}
		{EE8D11F8-C942-4C92-AE11-A29D97EDD811} = {C8DFE144-0CCE-4C1A-8BF9-9ED0ED17B1E0}
		{C2368269-ACAF-43A3-939C-5830D885BE92} = {C8DFE144-0CCE-4C1A-8BF9-9ED0ED17B1E0}
		{7D7453DF-7F06-4D87-984C-4B2D2F701A64} = {C8DFE144-0CCE-4C1A-8BF9-9ED0ED17B1E0}
		{452F2197-5D27-44DB-B84C-8701C3555AFC} = {C8DFE144-0CCE-4C1A-8BF9-9ED0ED17B1E0}
		{50D130CB-6DB8-49C1-8A75-48F08F70FF1A} = {C8DFE144-0CCE-4C1A-8BF9-9ED0ED17B1E0}
		{0B6B989F-C3E9-4559-A42F-EBBD9B40385A} = {C8DFE144-0CCE-4C1A-8BF9-9ED0ED17B1E0}
		{196F679D-146C-4A19-8BE5-6DDFB3003934} = {C8DFE144-0CCE-4C1A-8BF9-9ED0ED17B1E0}
		{83F3A0B7-E28F-44A2-8ECC-2FC91163DB75} = {C8DFE144-0CCE-4C1A-8BF9-9ED0ED17B1E0}
		{BF45A272-70CB-41E1-97CD-A9D6A24B7573} = {C8DFE144-0CCE-4C1A-8BF9-9ED0ED17B1E0}
		{CAC72D0C-8A22-4DF1-B117-5E282F8D4AF4} = {C8DFE144-0CCE-4C1A-8BF9-9ED0ED17B1E0}
		{2179D46B-2A64-4616-B9BC-A663294D886E} = {C8DFE144-0CCE-4C1A-8BF9-9ED0ED17B1E0}
		{D5A883CB-61A0-4014-A2F4-FC2D91A33696} = {C8DFE144-0CCE-4C1A-8BF9-9ED0ED17B1E0}
		{0FB75642-A88F-4074-9F2B-BEAF9206066A} = {C8DFE144-0CCE-4C1A-8BF9-9ED0ED17B1E0}
		{773EE5E4-6E58-4F76-A3E6-CA39B27903A4} = {C8DFE144-0CCE-4C1A-8BF9-9ED0ED17B1E0}
		{6FC156C6-0711-43C5-B48C-236E10AA4753} = {C8DFE144-0CCE-4C1A-8BF9-9ED0ED17B1E0}
		{9BE297D7-E68B-4B3C-B8FF-970C89A8E6C0} = {224D2A39-2D45-4DF1-9A89-B0735307273B}
		{AA0C100F-B86C-46C3-ABC4-673900D23AEC} = {224D2A39-2D45-4DF1-9A89-B0735307273B}
		{55D4E42F-F589-499D-8481-711818FA0E85} = {224D2A39-2D45-4DF1-9A89-B0735307273B}
		{1CE14B9A-6FCA-465B-B854-AAEDF8CFACFA} = {224D2A39-2D45-4DF1-9A89-B0735307273B}
		{AE68713A-64E6-4A15-99D2-CED5C3826D10} = {224D2A39-2D45-4DF1-9A89-B0735307273B}
		{026B3829-E4F7-410A-84D6-E4E317CED986} = {224D2A39-2D45-4DF1-9A89-B0735307273B}
		{769E74A4-B6F1-4121-82B4-9B0F5EA18003} = {224D2A39-2D45-4DF1-9A89-B0735307273B}
		{E9B67E9D-E6AE-46AC-B477-53F23F39D290} = {224D2A39-2D45-4DF1-9A89-B0735307273B}
	EndGlobalSection
EndGlobal
